
Microsoft Visual Studio Solution File, Format Version 12.00
# Visual Studio Version 17
VisualStudioVersion = 17.8.34316.72
MinimumVisualStudioVersion = 10.0.40219.1
Project("{FAE04EC0-301F-11D3-BF4B-00C04F79EFBC}") = "Pong Ultra Gamer", "Pong Ultra Gamer\Pong Ultra Gamer.csproj", "{52D32BFA-4E6F-46A5-92AB-5333227F654F}"
EndProject
Global
	GlobalSection(SolutionConfigurationPlatforms) = preSolution
		Debug|Any CPU = Debug|Any CPU
		Release|Any CPU = Release|Any CPU
	EndGlobalSection
	GlobalSection(ProjectConfigurationPlatforms) = postSolution
		{52D32BFA-4E6F-46A5-92AB-5333227F654F}.Debug|Any CPU.ActiveCfg = Debug|Any CPU
		{52D32BFA-4E6F-46A5-92AB-5333227F654F}.Debug|Any CPU.Build.0 = Debug|Any CPU
		{52D32BFA-4E6F-46A5-92AB-5333227F654F}.Release|Any CPU.ActiveCfg = Release|Any CPU
		{52D32BFA-4E6F-46A5-92AB-5333227F654F}.Release|Any CPU.Build.0 = Release|Any CPU
	EndGlobalSection
	GlobalSection(SolutionProperties) = preSolution
		HideSolutionNode = FALSE
	EndGlobalSection
	GlobalSection(ExtensibilityGlobals) = postSolution
		SolutionGuid = {A32545CD-E2E3-4EC5-A169-9555C83ECCD9}
	EndGlobalSection
EndGlobal
